// !$*UTF8*$!
{
	archiveVersion = 1;
	classes = {
	};
	objectVersion = 46;
	objects = {

/* Begin PBXBuildFile section */
		C15A95141D20611200279473 /* AppDelegate.swift in Sources */ = {isa = PBXBuildFile; fileRef = C15A95131D20611200279473 /* AppDelegate.swift */; };
		C15A95161D20611200279473 /* ViewController.swift in Sources */ = {isa = PBXBuildFile; fileRef = C15A95151D20611200279473 /* ViewController.swift */; };
		C15A95191D20611200279473 /* Main.storyboard in Resources */ = {isa = PBXBuildFile; fileRef = C15A95171D20611200279473 /* Main.storyboard */; };
		C15A951B1D20611200279473 /* Assets.xcassets in Resources */ = {isa = PBXBuildFile; fileRef = C15A951A1D20611200279473 /* Assets.xcassets */; };
		C15A951E1D20611200279473 /* LaunchScreen.storyboard in Resources */ = {isa = PBXBuildFile; fileRef = C15A951C1D20611200279473 /* LaunchScreen.storyboard */; };
		C15A95261D206DB900279473 /* Mapbox.framework in Frameworks */ = {isa = PBXBuildFile; fileRef = C15A95251D206DB900279473 /* Mapbox.framework */; };
		C15A95271D206DB900279473 /* Mapbox.framework in Embed Frameworks */ = {isa = PBXBuildFile; fileRef = C15A95251D206DB900279473 /* Mapbox.framework */; settings = {ATTRIBUTES = (CodeSignOnCopy, RemoveHeadersOnCopy, ); }; };
/* End PBXBuildFile section */

/* Begin PBXCopyFilesBuildPhase section */
		C15A95281D206DBA00279473 /* Embed Frameworks */ = {
			isa = PBXCopyFilesBuildPhase;
			buildActionMask = 2147483647;
			dstPath = "";
			dstSubfolderSpec = 10;
			files = (
				C15A95271D206DB900279473 /* Mapbox.framework in Embed Frameworks */,
			);
			name = "Embed Frameworks";
			runOnlyForDeploymentPostprocessing = 0;
		};
/* End PBXCopyFilesBuildPhase section */

/* Begin PBXFileReference section */
		C15A95101D20611200279473 /* SportsmanTracker.app */ = {isa = PBXFileReference; explicitFileType = wrapper.application; includeInIndex = 0; path = SportsmanTracker.app; sourceTree = BUILT_PRODUCTS_DIR; };
		C15A95131D20611200279473 /* AppDelegate.swift */ = {isa = PBXFileReference; lastKnownFileType = sourcecode.swift; path = AppDelegate.swift; sourceTree = "<group>"; };
		C15A95151D20611200279473 /* ViewController.swift */ = {isa = PBXFileReference; lastKnownFileType = sourcecode.swift; path = ViewController.swift; sourceTree = "<group>"; };
		C15A95181D20611200279473 /* Base */ = {isa = PBXFileReference; lastKnownFileType = file.storyboard; name = Base; path = Base.lproj/Main.storyboard; sourceTree = "<group>"; };
		C15A951A1D20611200279473 /* Assets.xcassets */ = {isa = PBXFileReference; lastKnownFileType = folder.assetcatalog; path = Assets.xcassets; sourceTree = "<group>"; };
		C15A951D1D20611200279473 /* Base */ = {isa = PBXFileReference; lastKnownFileType = file.storyboard; name = Base; path = Base.lproj/LaunchScreen.storyboard; sourceTree = "<group>"; };
		C15A951F1D20611200279473 /* Info.plist */ = {isa = PBXFileReference; lastKnownFileType = text.plist.xml; path = Info.plist; sourceTree = "<group>"; };
		C15A95251D206DB900279473 /* Mapbox.framework */ = {isa = PBXFileReference; lastKnownFileType = wrapper.framework; path = Mapbox.framework; sourceTree = "<group>"; };
/* End PBXFileReference section */

/* Begin PBXFrameworksBuildPhase section */
		C15A950D1D20611200279473 /* Frameworks */ = {
			isa = PBXFrameworksBuildPhase;
			buildActionMask = 2147483647;
			files = (
				C15A95261D206DB900279473 /* Mapbox.framework in Frameworks */,
			);
			runOnlyForDeploymentPostprocessing = 0;
		};
/* End PBXFrameworksBuildPhase section */

/* Begin PBXGroup section */
		C15A95071D20611200279473 = {
			isa = PBXGroup;
			children = (
				C15A95251D206DB900279473 /* Mapbox.framework */,
				C15A95121D20611200279473 /* SportsmanTracker */,
				C15A95111D20611200279473 /* Products */,
			);
			sourceTree = "<group>";
		};
		C15A95111D20611200279473 /* Products */ = {
			isa = PBXGroup;
			children = (
				C15A95101D20611200279473 /* SportsmanTracker.app */,
			);
			name = Products;
			sourceTree = "<group>";
		};
		C15A95121D20611200279473 /* SportsmanTracker */ = {
			isa = PBXGroup;
			children = (
				C15A95131D20611200279473 /* AppDelegate.swift */,
				C15A95151D20611200279473 /* ViewController.swift */,
				C15A95171D20611200279473 /* Main.storyboard */,
				C15A951A1D20611200279473 /* Assets.xcassets */,
				C15A951C1D20611200279473 /* LaunchScreen.storyboard */,
				C15A951F1D20611200279473 /* Info.plist */,
			);
			path = SportsmanTracker;
			sourceTree = "<group>";
		};
/* End PBXGroup section */

/* Begin PBXNativeTarget section */
		C15A950F1D20611200279473 /* SportsmanTracker */ = {
			isa = PBXNativeTarget;
			buildConfigurationList = C15A95221D20611200279473 /* Build configuration list for PBXNativeTarget "SportsmanTracker" */;
			buildPhases = (
				C15A950C1D20611200279473 /* Sources */,
				C15A950D1D20611200279473 /* Frameworks */,
				C15A950E1D20611200279473 /* Resources */,
				C15A95281D206DBA00279473 /* Embed Frameworks */,
			);
			buildRules = (
			);
			dependencies = (
			);
			name = SportsmanTracker;
			productName = SportsmanTracker;
			productReference = C15A95101D20611200279473 /* SportsmanTracker.app */;
			productType = "com.apple.product-type.application";
		};
/* End PBXNativeTarget section */

/* Begin PBXProject section */
		C15A95081D20611200279473 /* Project object */ = {
			isa = PBXProject;
			attributes = {
				LastSwiftUpdateCheck = 0730;
				LastUpgradeCheck = 0730;
				ORGANIZATIONNAME = "Sportsman Tracker";
				TargetAttributes = {
					C15A950F1D20611200279473 = {
						CreatedOnToolsVersion = 7.3.1;
					};
				};
			};
			buildConfigurationList = C15A950B1D20611200279473 /* Build configuration list for PBXProject "SportsmanTracker" */;
			compatibilityVersion = "Xcode 3.2";
			developmentRegion = English;
			hasScannedForEncodings = 0;
			knownRegions = (
				en,
				Base,
			);
			mainGroup = C15A95071D20611200279473;
			productRefGroup = C15A95111D20611200279473 /* Products */;
			projectDirPath = "";
			projectRoot = "";
			targets = (
				C15A950F1D20611200279473 /* SportsmanTracker */,
			);
		};
/* End PBXProject section */

/* Begin PBXResourcesBuildPhase section */
		C15A950E1D20611200279473 /* Resources */ = {
			isa = PBXResourcesBuildPhase;
			buildActionMask = 2147483647;
			files = (
				C15A951E1D20611200279473 /* LaunchScreen.storyboard in Resources */,
				C15A951B1D20611200279473 /* Assets.xcassets in Resources */,
				C15A95191D20611200279473 /* Main.storyboard in Resources */,
			);
			runOnlyForDeploymentPostprocessing = 0;
		};
/* End PBXResourcesBuildPhase section */

/* Begin PBXSourcesBuildPhase section */
		C15A950C1D20611200279473 /* Sources */ = {
			isa = PBXSourcesBuildPhase;
			buildActionMask = 2147483647;
			files = (
				C15A95161D20611200279473 /* ViewController.swift in Sources */,
				C15A95141D20611200279473 /* AppDelegate.swift in Sources */,
			);
			runOnlyForDeploymentPostprocessing = 0;
		};
/* End PBXSourcesBuildPhase section */

/* Begin PBXVariantGroup section */
		C15A95171D20611200279473 /* Main.storyboard */ = {
			isa = PBXVariantGroup;
			children = (
				C15A95181D20611200279473 /* Base */,
			);
			name = Main.storyboard;
			sourceTree = "<group>";
		};
		C15A951C1D20611200279473 /* LaunchScreen.storyboard */ = {
			isa = PBXVariantGroup;
			children = (
				C15A951D1D20611200279473 /* Base */,
			);
			name = LaunchScreen.storyboard;
			sourceTree = "<group>";
		};
/* End PBXVariantGroup section */

/* Begin XCBuildConfiguration section */
		C15A95201D20611200279473 /* Debug */ = {
			isa = XCBuildConfiguration;
			buildSettings = {
				ALWAYS_SEARCH_USER_PATHS = NO;
				CLANG_ANALYZER_NONNULL = YES;
				CLANG_CXX_LANGUAGE_STANDARD = "gnu++0x";
				CLANG_CXX_LIBRARY = "libc++";
				CLANG_ENABLE_MODULES = YES;
				CLANG_ENABLE_OBJC_ARC = YES;
				CLANG_WARN_BOOL_CONVERSION = YES;
				CLANG_WARN_CONSTANT_CONVERSION = YES;
				CLANG_WARN_DIRECT_OBJC_ISA_USAGE = YES_ERROR;
				CLANG_WARN_EMPTY_BODY = YES;
				CLANG_WARN_ENUM_CONVERSION = YES;
				CLANG_WARN_INT_CONVERSION = YES;
				CLANG_WARN_OBJC_ROOT_CLASS = YES_ERROR;
				CLANG_WARN_UNREACHABLE_CODE = YES;
				CLANG_WARN__DUPLICATE_METHOD_MATCH = YES;
				"CODE_SIGN_IDENTITY[sdk=iphoneos*]" = "iPhone Developer";
				COPY_PHASE_STRIP = NO;
				DEBUG_INFORMATION_FORMAT = dwarf;
				ENABLE_STRICT_OBJC_MSGSEND = YES;
				ENABLE_TESTABILITY = YES;
				GCC_C_LANGUAGE_STANDARD = gnu99;
				GCC_DYNAMIC_NO_PIC = NO;
				GCC_NO_COMMON_BLOCKS = YES;
				GCC_OPTIMIZATION_LEVEL = 0;
				GCC_PREPROCESSOR_DEFINITIONS = (
					"DEBUG=1",
					"$(inherited)",
				);
				GCC_WARN_64_TO_32_BIT_CONVERSION = YES;
				GCC_WARN_ABOUT_RETURN_TYPE = YES_ERROR;
				GCC_WARN_UNDECLARED_SELECTOR = YES;
				GCC_WARN_UNINITIALIZED_AUTOS = YES_AGGRESSIVE;
				GCC_WARN_UNUSED_FUNCTION = YES;
				GCC_WARN_UNUSED_VARIABLE = YES;
				IPHONEOS_DEPLOYMENT_TARGET = 9.3;
				MTL_ENABLE_DEBUG_INFO = YES;
				ONLY_ACTIVE_ARCH = YES;
				SDKROOT = iphoneos;
				SWIFT_OPTIMIZATION_LEVEL = "-Onone";
			};
			name = Debug;
		};
		C15A95211D20611200279473 /* Release */ = {
			isa = XCBuildConfiguration;
			buildSettings = {
				ALWAYS_SEARCH_USER_PATHS = NO;
				CLANG_ANALYZER_NONNULL = YES;
				CLANG_CXX_LANGUAGE_STANDARD = "gnu++0x";
				CLANG_CXX_LIBRARY = "libc++";
				CLANG_ENABLE_MODULES = YES;
				CLANG_ENABLE_OBJC_ARC = YES;
				CLANG_WARN_BOOL_CONVERSION = YES;
				CLANG_WARN_CONSTANT_CONVERSION = YES;
				CLANG_WARN_DIRECT_OBJC_ISA_USAGE = YES_ERROR;
				CLANG_WARN_EMPTY_BODY = YES;
				CLANG_WARN_ENUM_CONVERSION = YES;
				CLANG_WARN_INT_CONVERSION = YES;
				CLANG_WARN_OBJC_ROOT_CLASS = YES_ERROR;
				CLANG_WARN_UNREACHABLE_CODE = YES;
				CLANG_WARN__DUPLICATE_METHOD_MATCH = YES;
				"CODE_SIGN_IDENTITY[sdk=iphoneos*]" = "iPhone Developer";
				COPY_PHASE_STRIP = NO;
				DEBUG_INFORMATION_FORMAT = "dwarf-with-dsym";
				ENABLE_NS_ASSERTIONS = NO;
				ENABLE_STRICT_OBJC_MSGSEND = YES;
				GCC_C_LANGUAGE_STANDARD = gnu99;
				GCC_NO_COMMON_BLOCKS = YES;
				GCC_WARN_64_TO_32_BIT_CONVERSION = YES;
				GCC_WARN_ABOUT_RETURN_TYPE = YES_ERROR;
				GCC_WARN_UNDECLARED_SELECTOR = YES;
				GCC_WARN_UNINITIALIZED_AUTOS = YES_AGGRESSIVE;
				GCC_WARN_UNUSED_FUNCTION = YES;
				GCC_WARN_UNUSED_VARIABLE = YES;
				IPHONEOS_DEPLOYMENT_TARGET = 9.3;
				MTL_ENABLE_DEBUG_INFO = NO;
				SDKROOT = iphoneos;
				VALIDATE_PRODUCT = YES;
			};
			name = Release;
		};
		C15A95231D20611200279473 /* Debug */ = {
			isa = XCBuildConfiguration;
			buildSettings = {
				ASSETCATALOG_COMPILER_APPICON_NAME = AppIcon;
				FRAMEWORK_SEARCH_PATHS = (
					"$(inherited)",
					"$(PROJECT_DIR)",
				);
				INFOPLIST_FILE = SportsmanTracker/Info.plist;
				LD_RUNPATH_SEARCH_PATHS = "$(inherited) @executable_path/Frameworks";
				PRODUCT_BUNDLE_IDENTIFIER = sportsmantracker.SportsmanTracker;
				PRODUCT_NAME = "$(TARGET_NAME)";
			};
			name = Debug;
		};
		C15A95241D20611200279473 /* Release */ = {
			isa = XCBuildConfiguration;
			buildSettings = {
				ASSETCATALOG_COMPILER_APPICON_NAME = AppIcon;
				FRAMEWORK_SEARCH_PATHS = (
					"$(inherited)",
					"$(PROJECT_DIR)",
				);
				INFOPLIST_FILE = SportsmanTracker/Info.plist;
				LD_RUNPATH_SEARCH_PATHS = "$(inherited) @executable_path/Frameworks";
				PRODUCT_BUNDLE_IDENTIFIER = sportsmantracker.SportsmanTracker;
				PRODUCT_NAME = "$(TARGET_NAME)";
			};
			name = Release;
		};
/* End XCBuildConfiguration section */

/* Begin XCConfigurationList section */
		C15A950B1D20611200279473 /* Build configuration list for PBXProject "SportsmanTracker" */ = {
			isa = XCConfigurationList;
			buildConfigurations = (
				C15A95201D20611200279473 /* Debug */,
				C15A95211D20611200279473 /* Release */,
			);
			defaultConfigurationIsVisible = 0;
			defaultConfigurationName = Release;
		};
		C15A95221D20611200279473 /* Build configuration list for PBXNativeTarget "SportsmanTracker" */ = {
			isa = XCConfigurationList;
			buildConfigurations = (
				C15A95231D20611200279473 /* Debug */,
				C15A95241D20611200279473 /* Release */,
			);
			defaultConfigurationIsVisible = 0;
		};
/* End XCConfigurationList section */
	};
	rootObject = C15A95081D20611200279473 /* Project object */;
}
